
Microsoft Visual Studio Solution File, Format Version 12.00
# Visual Studio Version 17
VisualStudioVersion = 17.2.32505.173
MinimumVisualStudioVersion = 10.0.40219.1
Project("{FAE04EC0-301F-11D3-BF4B-00C04F79EFBC}") = "sideboard_bar", "sideboard_bar\sideboard_bar.csproj", "{8743AAA9-B52D-4E08-BCEB-3D18217404BE}"
EndProject
Global
	GlobalSection(SolutionConfigurationPlatforms) = preSolution
		Debug|Any CPU = Debug|Any CPU
		Release|Any CPU = Release|Any CPU
	EndGlobalSection
	GlobalSection(ProjectConfigurationPlatforms) = postSolution
		{8743AAA9-B52D-4E08-BCEB-3D18217404BE}.Debug|Any CPU.ActiveCfg = Debug|Any CPU
		{8743AAA9-B52D-4E08-BCEB-3D18217404BE}.Debug|Any CPU.Build.0 = Debug|Any CPU
		{8743AAA9-B52D-4E08-BCEB-3D18217404BE}.Release|Any CPU.ActiveCfg = Release|Any CPU
		{8743AAA9-B52D-4E08-BCEB-3D18217404BE}.Release|Any CPU.Build.0 = Release|Any CPU
	EndGlobalSection
	GlobalSection(SolutionProperties) = preSolution
		HideSolutionNode = FALSE
	EndGlobalSection
	GlobalSection(ExtensibilityGlobals) = postSolution
		SolutionGuid = {68E46A5E-E8E3-43A3-9D1F-5F3DB849A377}
	EndGlobalSection
EndGlobal
