
Microsoft Visual Studio Solution File, Format Version 12.00
# Visual Studio Version 17
VisualStudioVersion = 17.2.32505.173
MinimumVisualStudioVersion = 10.0.40219.1
Project("{FAE04EC0-301F-11D3-BF4B-00C04F79EFBC}") = "Custom_controls_01", "Custom_controls_01\Custom_controls_01.csproj", "{D2478B4D-F989-4491-9E6B-1C77A8A9EAB3}"
EndProject
Global
	GlobalSection(SolutionConfigurationPlatforms) = preSolution
		Debug|Any CPU = Debug|Any CPU
		Release|Any CPU = Release|Any CPU
	EndGlobalSection
	GlobalSection(ProjectConfigurationPlatforms) = postSolution
		{D2478B4D-F989-4491-9E6B-1C77A8A9EAB3}.Debug|Any CPU.ActiveCfg = Debug|Any CPU
		{D2478B4D-F989-4491-9E6B-1C77A8A9EAB3}.Debug|Any CPU.Build.0 = Debug|Any CPU
		{D2478B4D-F989-4491-9E6B-1C77A8A9EAB3}.Release|Any CPU.ActiveCfg = Release|Any CPU
		{D2478B4D-F989-4491-9E6B-1C77A8A9EAB3}.Release|Any CPU.Build.0 = Release|Any CPU
	EndGlobalSection
	GlobalSection(SolutionProperties) = preSolution
		HideSolutionNode = FALSE
	EndGlobalSection
	GlobalSection(ExtensibilityGlobals) = postSolution
		SolutionGuid = {12AA6F0F-F106-4937-8E75-A954B517BB2B}
	EndGlobalSection
EndGlobal
