
Microsoft Visual Studio Solution File, Format Version 12.00
# Visual Studio Version 17
VisualStudioVersion = 17.2.32505.173
MinimumVisualStudioVersion = 10.0.40219.1
Project("{FAE04EC0-301F-11D3-BF4B-00C04F79EFBC}") = "Window_Learning", "Window_Learning\Window_Learning.csproj", "{25F6B33E-3DBD-40E1-B686-7DEBE22C15C4}"
EndProject
Global
	GlobalSection(SolutionConfigurationPlatforms) = preSolution
		Debug|Any CPU = Debug|Any CPU
		Release|Any CPU = Release|Any CPU
	EndGlobalSection
	GlobalSection(ProjectConfigurationPlatforms) = postSolution
		{25F6B33E-3DBD-40E1-B686-7DEBE22C15C4}.Debug|Any CPU.ActiveCfg = Debug|Any CPU
		{25F6B33E-3DBD-40E1-B686-7DEBE22C15C4}.Debug|Any CPU.Build.0 = Debug|Any CPU
		{25F6B33E-3DBD-40E1-B686-7DEBE22C15C4}.Release|Any CPU.ActiveCfg = Release|Any CPU
		{25F6B33E-3DBD-40E1-B686-7DEBE22C15C4}.Release|Any CPU.Build.0 = Release|Any CPU
	EndGlobalSection
	GlobalSection(SolutionProperties) = preSolution
		HideSolutionNode = FALSE
	EndGlobalSection
	GlobalSection(ExtensibilityGlobals) = postSolution
		SolutionGuid = {684AB057-183E-480E-A8BC-9840BF70D06C}
	EndGlobalSection
EndGlobal
