
Microsoft Visual Studio Solution File, Format Version 12.00
# Visual Studio 15
VisualStudioVersion = 15.0.36217.24
MinimumVisualStudioVersion = 10.0.40219.1
Project("{FAE04EC0-301F-11D3-BF4B-00C04F79EFBC}") = "WPF_net_framework", "WPF_net_framework\WPF_net_framework.csproj", "{A83E4ABA-83AE-4B09-AE3B-15069C61372B}"
EndProject
Global
	GlobalSection(SolutionConfigurationPlatforms) = preSolution
		Debug|Any CPU = Debug|Any CPU
		Release|Any CPU = Release|Any CPU
	EndGlobalSection
	GlobalSection(ProjectConfigurationPlatforms) = postSolution
		{A83E4ABA-83AE-4B09-AE3B-15069C61372B}.Debug|Any CPU.ActiveCfg = Debug|Any CPU
		{A83E4ABA-83AE-4B09-AE3B-15069C61372B}.Debug|Any CPU.Build.0 = Debug|Any CPU
		{A83E4ABA-83AE-4B09-AE3B-15069C61372B}.Release|Any CPU.ActiveCfg = Release|Any CPU
		{A83E4ABA-83AE-4B09-AE3B-15069C61372B}.Release|Any CPU.Build.0 = Release|Any CPU
	EndGlobalSection
	GlobalSection(SolutionProperties) = preSolution
		HideSolutionNode = FALSE
	EndGlobalSection
	GlobalSection(ExtensibilityGlobals) = postSolution
		SolutionGuid = {82A86D95-73BC-476F-8819-D6DB90D29ACA}
	EndGlobalSection
EndGlobal
