
Microsoft Visual Studio Solution File, Format Version 12.00
# Visual Studio Version 17
VisualStudioVersion = 17.2.32505.173
MinimumVisualStudioVersion = 10.0.40219.1
Project("{FAE04EC0-301F-11D3-BF4B-00C04F79EFBC}") = "Learning_03", "Learning_03.csproj", "{6EE2687F-B54D-4533-94DB-639B259B718D}"
EndProject
Global
	GlobalSection(SolutionConfigurationPlatforms) = preSolution
		Debug|Any CPU = Debug|Any CPU
		Release|Any CPU = Release|Any CPU
	EndGlobalSection
	GlobalSection(ProjectConfigurationPlatforms) = postSolution
		{6EE2687F-B54D-4533-94DB-639B259B718D}.Debug|Any CPU.ActiveCfg = Debug|Any CPU
		{6EE2687F-B54D-4533-94DB-639B259B718D}.Debug|Any CPU.Build.0 = Debug|Any CPU
		{6EE2687F-B54D-4533-94DB-639B259B718D}.Release|Any CPU.ActiveCfg = Release|Any CPU
		{6EE2687F-B54D-4533-94DB-639B259B718D}.Release|Any CPU.Build.0 = Release|Any CPU
	EndGlobalSection
	GlobalSection(SolutionProperties) = preSolution
		HideSolutionNode = FALSE
	EndGlobalSection
	GlobalSection(ExtensibilityGlobals) = postSolution
		SolutionGuid = {BB3D42DE-0AD7-4416-9F85-B6E7C5817137}
	EndGlobalSection
EndGlobal
