
Microsoft Visual Studio Solution File, Format Version 12.00
# Visual Studio Version 17
VisualStudioVersion = 17.2.32505.173
MinimumVisualStudioVersion = 10.0.40219.1
Project("{FAE04EC0-301F-11D3-BF4B-00C04F79EFBC}") = "control_library", "control_library\control_library.csproj", "{4C1F8CB2-9F2B-4783-91E1-C5BD0999DCFD}"
EndProject
Global
	GlobalSection(SolutionConfigurationPlatforms) = preSolution
		Debug|Any CPU = Debug|Any CPU
		Release|Any CPU = Release|Any CPU
	EndGlobalSection
	GlobalSection(ProjectConfigurationPlatforms) = postSolution
		{4C1F8CB2-9F2B-4783-91E1-C5BD0999DCFD}.Debug|Any CPU.ActiveCfg = Debug|Any CPU
		{4C1F8CB2-9F2B-4783-91E1-C5BD0999DCFD}.Debug|Any CPU.Build.0 = Debug|Any CPU
		{4C1F8CB2-9F2B-4783-91E1-C5BD0999DCFD}.Release|Any CPU.ActiveCfg = Release|Any CPU
		{4C1F8CB2-9F2B-4783-91E1-C5BD0999DCFD}.Release|Any CPU.Build.0 = Release|Any CPU
	EndGlobalSection
	GlobalSection(SolutionProperties) = preSolution
		HideSolutionNode = FALSE
	EndGlobalSection
	GlobalSection(ExtensibilityGlobals) = postSolution
		SolutionGuid = {8AB40A29-FA23-45A0-894F-18B3DC8F20D9}
	EndGlobalSection
EndGlobal
